{
  "originHash" : "4016928dafc0638d218d62cbb2dc3133d694c5b87a0774643d3cd7725726724c",
  "pins" : [
    {
      "identity" : "swift-asn1",
      "kind" : "remoteSourceControl",
      "location" : "https://github.com/apple/swift-asn1.git",
      "state" : {
        "revision" : "810496cf121e525d660cd0ea89a758740476b85f",
        "version" : "1.5.1"
      }
    },
    {
      "identity" : "swift-crypto",
      "kind" : "remoteSourceControl",
      "location" : "https://github.com/apple/swift-crypto.git",
      "state" : {
        "revision" : "476538ccb827f2dd18efc5de754cc87d77127a47",
        "version" : "4.4.0"
      }
    }
  ],
  "version" : 3
}
