{
  "originHash" : "0d2138c16cce2918c9161943996f8da2833c418ab0608339bdac5264d4990c15",
  "pins" : [
    {
      "identity" : "swift-asn1",
      "kind" : "remoteSourceControl",
      "location" : "https://github.com/apple/swift-asn1.git",
      "state" : {
        "revision" : "810496cf121e525d660cd0ea89a758740476b85f",
        "version" : "1.5.1"
      }
    },
    {
      "identity" : "swift-crypto",
      "kind" : "remoteSourceControl",
      "location" : "https://github.com/apple/swift-crypto.git",
      "state" : {
        "revision" : "fa308c07a6fa04a727212d793e761460e41049c3",
        "version" : "4.3.0"
      }
    }
  ],
  "version" : 3
}
